
Microsoft Visual Studio Solution File, Format Version 12.00
# Visual Studio Version 17
VisualStudioVersion = 17.8.34511.84
MinimumVisualStudioVersion = 10.0.40219.1
Project("{FAE04EC0-301F-11D3-BF4B-00C04F79EFBC}") = "threatlens-server", "threatlens-server\threatlens-server.csproj", "{090AE645-EDC8-4F72-8CC9-15A2700361C0}"
EndProject
Global
	GlobalSection(SolutionConfigurationPlatforms) = preSolution
		Debug|Any CPU = Debug|Any CPU
		Release|Any CPU = Release|Any CPU
	EndGlobalSection
	GlobalSection(ProjectConfigurationPlatforms) = postSolution
		{090AE645-EDC8-4F72-8CC9-15A2700361C0}.Debug|Any CPU.ActiveCfg = Debug|Any CPU
		{090AE645-EDC8-4F72-8CC9-15A2700361C0}.Debug|Any CPU.Build.0 = Debug|Any CPU
		{090AE645-EDC8-4F72-8CC9-15A2700361C0}.Release|Any CPU.ActiveCfg = Release|Any CPU
		{090AE645-EDC8-4F72-8CC9-15A2700361C0}.Release|Any CPU.Build.0 = Release|Any CPU
	EndGlobalSection
	GlobalSection(SolutionProperties) = preSolution
		HideSolutionNode = FALSE
	EndGlobalSection
	GlobalSection(ExtensibilityGlobals) = postSolution
		SolutionGuid = {F6BA5BF3-EDC2-4CA2-A9CB-D5F06789B189}
	EndGlobalSection
EndGlobal
